// !$*UTF8*$!
{
	archiveVersion = 1;
	classes = {
	};
	objectVersion = 56;
	objects = {

/* Begin PBXBuildFile section */
		C8AA8CB92C98B55400C031CB /* OxApp.swift in Sources */ = {isa = PBXBuildFile; fileRef = C8AA8CB82C98B55400C031CB /* OxApp.swift */; };
		C8AA8CBB2C98B55400C031CB /* ContentView.swift in Sources */ = {isa = PBXBuildFile; fileRef = C8AA8CBA2C98B55400C031CB /* ContentView.swift */; };
		C8AA8CBD2C98B55500C031CB /* Assets.xcassets in Resources */ = {isa = PBXBuildFile; fileRef = C8AA8CBC2C98B55500C031CB /* Assets.xcassets */; };
		C8AA8CC12C98B55500C031CB /* Preview Assets.xcassets in Resources */ = {isa = PBXBuildFile; fileRef = C8AA8CC02C98B55500C031CB /* Preview Assets.xcassets */; };
		C8AA8CCB2C98B55500C031CB /* OxTests.swift in Sources */ = {isa = PBXBuildFile; fileRef = C8AA8CCA2C98B55500C031CB /* OxTests.swift */; };
		C8AA8CD52C98B55500C031CB /* OxUITests.swift in Sources */ = {isa = PBXBuildFile; fileRef = C8AA8CD42C98B55500C031CB /* OxUITests.swift */; };
		C8AA8CD72C98B55500C031CB /* OxUITestsLaunchTests.swift in Sources */ = {isa = PBXBuildFile; fileRef = C8AA8CD62C98B55500C031CB /* OxUITestsLaunchTests.swift */; };
/* End PBXBuildFile section */

/* Begin PBXContainerItemProxy section */
		C8AA8CC72C98B55500C031CB /* PBXContainerItemProxy */ = {
			isa = PBXContainerItemProxy;
			containerPortal = C8AA8CAD2C98B55400C031CB /* Project object */;
			proxyType = 1;
			remoteGlobalIDString = C8AA8CB42C98B55400C031CB;
			remoteInfo = Ox;
		};
		C8AA8CD12C98B55500C031CB /* PBXContainerItemProxy */ = {
			isa = PBXContainerItemProxy;
			containerPortal = C8AA8CAD2C98B55400C031CB /* Project object */;
			proxyType = 1;
			remoteGlobalIDString = C8AA8CB42C98B55400C031CB;
			remoteInfo = Ox;
		};
/* End PBXContainerItemProxy section */

/* Begin PBXFileReference section */
		C8AA8CB52C98B55400C031CB /* Ox.app */ = {isa = PBXFileReference; explicitFileType = wrapper.application; includeInIndex = 0; path = Ox.app; sourceTree = BUILT_PRODUCTS_DIR; };
		C8AA8CB82C98B55400C031CB /* OxApp.swift */ = {isa = PBXFileReference; lastKnownFileType = sourcecode.swift; path = OxApp.swift; sourceTree = "<group>"; };
		C8AA8CBA2C98B55400C031CB /* ContentView.swift */ = {isa = PBXFileReference; lastKnownFileType = sourcecode.swift; path = ContentView.swift; sourceTree = "<group>"; };
		C8AA8CBC2C98B55500C031CB /* Assets.xcassets */ = {isa = PBXFileReference; lastKnownFileType = folder.assetcatalog; path = Assets.xcassets; sourceTree = "<group>"; };
		C8AA8CBE2C98B55500C031CB /* Ox.entitlements */ = {isa = PBXFileReference; lastKnownFileType = text.plist.entitlements; path = Ox.entitlements; sourceTree = "<group>"; };
		C8AA8CC02C98B55500C031CB /* Preview Assets.xcassets */ = {isa = PBXFileReference; lastKnownFileType = folder.assetcatalog; path = "Preview Assets.xcassets"; sourceTree = "<group>"; };
		C8AA8CC62C98B55500C031CB /* OxTests.xctest */ = {isa = PBXFileReference; explicitFileType = wrapper.cfbundle; includeInIndex = 0; path = OxTests.xctest; sourceTree = BUILT_PRODUCTS_DIR; };
		C8AA8CCA2C98B55500C031CB /* OxTests.swift */ = {isa = PBXFileReference; lastKnownFileType = sourcecode.swift; path = OxTests.swift; sourceTree = "<group>"; };
		C8AA8CD02C98B55500C031CB /* OxUITests.xctest */ = {isa = PBXFileReference; explicitFileType = wrapper.cfbundle; includeInIndex = 0; path = OxUITests.xctest; sourceTree = BUILT_PRODUCTS_DIR; };
		C8AA8CD42C98B55500C031CB /* OxUITests.swift */ = {isa = PBXFileReference; lastKnownFileType = sourcecode.swift; path = OxUITests.swift; sourceTree = "<group>"; };
		C8AA8CD62C98B55500C031CB /* OxUITestsLaunchTests.swift */ = {isa = PBXFileReference; lastKnownFileType = sourcecode.swift; path = OxUITestsLaunchTests.swift; sourceTree = "<group>"; };
/* End PBXFileReference section */

/* Begin PBXFrameworksBuildPhase section */
		C8AA8CB22C98B55400C031CB /* Frameworks */ = {
			isa = PBXFrameworksBuildPhase;
			buildActionMask = 2147483647;
			files = (
			);
			runOnlyForDeploymentPostprocessing = 0;
		};
		C8AA8CC32C98B55500C031CB /* Frameworks */ = {
			isa = PBXFrameworksBuildPhase;
			buildActionMask = 2147483647;
			files = (
			);
			runOnlyForDeploymentPostprocessing = 0;
		};
		C8AA8CCD2C98B55500C031CB /* Frameworks */ = {
			isa = PBXFrameworksBuildPhase;
			buildActionMask = 2147483647;
			files = (
			);
			runOnlyForDeploymentPostprocessing = 0;
		};
/* End PBXFrameworksBuildPhase section */

/* Begin PBXGroup section */
		C8AA8CAC2C98B55400C031CB = {
			isa = PBXGroup;
			children = (
				C8AA8CB72C98B55400C031CB /* Ox */,
				C8AA8CC92C98B55500C031CB /* OxTests */,
				C8AA8CD32C98B55500C031CB /* OxUITests */,
				C8AA8CB62C98B55400C031CB /* Products */,
			);
			sourceTree = "<group>";
		};
		C8AA8CB62C98B55400C031CB /* Products */ = {
			isa = PBXGroup;
			children = (
				C8AA8CB52C98B55400C031CB /* Ox.app */,
				C8AA8CC62C98B55500C031CB /* OxTests.xctest */,
				C8AA8CD02C98B55500C031CB /* OxUITests.xctest */,
			);
			name = Products;
			sourceTree = "<group>";
		};
		C8AA8CB72C98B55400C031CB /* Ox */ = {
			isa = PBXGroup;
			children = (
				C8AA8CB82C98B55400C031CB /* OxApp.swift */,
				C8AA8CBA2C98B55400C031CB /* ContentView.swift */,
				C8AA8CBC2C98B55500C031CB /* Assets.xcassets */,
				C8AA8CBE2C98B55500C031CB /* Ox.entitlements */,
				C8AA8CBF2C98B55500C031CB /* Preview Content */,
			);
			path = Ox;
			sourceTree = "<group>";
		};
		C8AA8CBF2C98B55500C031CB /* Preview Content */ = {
			isa = PBXGroup;
			children = (
				C8AA8CC02C98B55500C031CB /* Preview Assets.xcassets */,
			);
			path = "Preview Content";
			sourceTree = "<group>";
		};
		C8AA8CC92C98B55500C031CB /* OxTests */ = {
			isa = PBXGroup;
			children = (
				C8AA8CCA2C98B55500C031CB /* OxTests.swift */,
			);
			path = OxTests;
			sourceTree = "<group>";
		};
		C8AA8CD32C98B55500C031CB /* OxUITests */ = {
			isa = PBXGroup;
			children = (
				C8AA8CD42C98B55500C031CB /* OxUITests.swift */,
				C8AA8CD62C98B55500C031CB /* OxUITestsLaunchTests.swift */,
			);
			path = OxUITests;
			sourceTree = "<group>";
		};
/* End PBXGroup section */

/* Begin PBXNativeTarget section */
		C8AA8CB42C98B55400C031CB /* Ox */ = {
			isa = PBXNativeTarget;
			buildConfigurationList = C8AA8CDA2C98B55500C031CB /* Build configuration list for PBXNativeTarget "Ox" */;
			buildPhases = (
				C8AA8CB12C98B55400C031CB /* Sources */,
				C8AA8CB22C98B55400C031CB /* Frameworks */,
				C8AA8CB32C98B55400C031CB /* Resources */,
			);
			buildRules = (
			);
			dependencies = (
			);
			name = Ox;
			productName = Ox;
			productReference = C8AA8CB52C98B55400C031CB /* Ox.app */;
			productType = "com.apple.product-type.application";
		};
		C8AA8CC52C98B55500C031CB /* OxTests */ = {
			isa = PBXNativeTarget;
			buildConfigurationList = C8AA8CDD2C98B55500C031CB /* Build configuration list for PBXNativeTarget "OxTests" */;
			buildPhases = (
				C8AA8CC22C98B55500C031CB /* Sources */,
				C8AA8CC32C98B55500C031CB /* Frameworks */,
				C8AA8CC42C98B55500C031CB /* Resources */,
			);
			buildRules = (
			);
			dependencies = (
				C8AA8CC82C98B55500C031CB /* PBXTargetDependency */,
			);
			name = OxTests;
			productName = OxTests;
			productReference = C8AA8CC62C98B55500C031CB /* OxTests.xctest */;
			productType = "com.apple.product-type.bundle.unit-test";
		};
		C8AA8CCF2C98B55500C031CB /* OxUITests */ = {
			isa = PBXNativeTarget;
			buildConfigurationList = C8AA8CE02C98B55500C031CB /* Build configuration list for PBXNativeTarget "OxUITests" */;
			buildPhases = (
				C8AA8CCC2C98B55500C031CB /* Sources */,
				C8AA8CCD2C98B55500C031CB /* Frameworks */,
				C8AA8CCE2C98B55500C031CB /* Resources */,
			);
			buildRules = (
			);
			dependencies = (
				C8AA8CD22C98B55500C031CB /* PBXTargetDependency */,
			);
			name = OxUITests;
			productName = OxUITests;
			productReference = C8AA8CD02C98B55500C031CB /* OxUITests.xctest */;
			productType = "com.apple.product-type.bundle.ui-testing";
		};
/* End PBXNativeTarget section */

/* Begin PBXProject section */
		C8AA8CAD2C98B55400C031CB /* Project object */ = {
			isa = PBXProject;
			attributes = {
				BuildIndependentTargetsInParallel = 1;
				LastSwiftUpdateCheck = 1540;
				LastUpgradeCheck = 1540;
				TargetAttributes = {
					C8AA8CB42C98B55400C031CB = {
						CreatedOnToolsVersion = 15.4;
					};
					C8AA8CC52C98B55500C031CB = {
						CreatedOnToolsVersion = 15.4;
						TestTargetID = C8AA8CB42C98B55400C031CB;
					};
					C8AA8CCF2C98B55500C031CB = {
						CreatedOnToolsVersion = 15.4;
						TestTargetID = C8AA8CB42C98B55400C031CB;
					};
				};
			};
			buildConfigurationList = C8AA8CB02C98B55400C031CB /* Build configuration list for PBXProject "Ox" */;
			compatibilityVersion = "Xcode 14.0";
			developmentRegion = en;
			hasScannedForEncodings = 0;
			knownRegions = (
				en,
				Base,
			);
			mainGroup = C8AA8CAC2C98B55400C031CB;
			productRefGroup = C8AA8CB62C98B55400C031CB /* Products */;
			projectDirPath = "";
			projectRoot = "";
			targets = (
				C8AA8CB42C98B55400C031CB /* Ox */,
				C8AA8CC52C98B55500C031CB /* OxTests */,
				C8AA8CCF2C98B55500C031CB /* OxUITests */,
			);
		};
/* End PBXProject section */

/* Begin PBXResourcesBuildPhase section */
		C8AA8CB32C98B55400C031CB /* Resources */ = {
			isa = PBXResourcesBuildPhase;
			buildActionMask = 2147483647;
			files = (
				C8AA8CC12C98B55500C031CB /* Preview Assets.xcassets in Resources */,
				C8AA8CBD2C98B55500C031CB /* Assets.xcassets in Resources */,
			);
			runOnlyForDeploymentPostprocessing = 0;
		};
		C8AA8CC42C98B55500C031CB /* Resources */ = {
			isa = PBXResourcesBuildPhase;
			buildActionMask = 2147483647;
			files = (
			);
			runOnlyForDeploymentPostprocessing = 0;
		};
		C8AA8CCE2C98B55500C031CB /* Resources */ = {
			isa = PBXResourcesBuildPhase;
			buildActionMask = 2147483647;
			files = (
			);
			runOnlyForDeploymentPostprocessing = 0;
		};
/* End PBXResourcesBuildPhase section */

/* Begin PBXSourcesBuildPhase section */
		C8AA8CB12C98B55400C031CB /* Sources */ = {
			isa = PBXSourcesBuildPhase;
			buildActionMask = 2147483647;
			files = (
				C8AA8CBB2C98B55400C031CB /* ContentView.swift in Sources */,
				C8AA8CB92C98B55400C031CB /* OxApp.swift in Sources */,
			);
			runOnlyForDeploymentPostprocessing = 0;
		};
		C8AA8CC22C98B55500C031CB /* Sources */ = {
			isa = PBXSourcesBuildPhase;
			buildActionMask = 2147483647;
			files = (
				C8AA8CCB2C98B55500C031CB /* OxTests.swift in Sources */,
			);
			runOnlyForDeploymentPostprocessing = 0;
		};
		C8AA8CCC2C98B55500C031CB /* Sources */ = {
			isa = PBXSourcesBuildPhase;
			buildActionMask = 2147483647;
			files = (
				C8AA8CD52C98B55500C031CB /* OxUITests.swift in Sources */,
				C8AA8CD72C98B55500C031CB /* OxUITestsLaunchTests.swift in Sources */,
			);
			runOnlyForDeploymentPostprocessing = 0;
		};
/* End PBXSourcesBuildPhase section */

/* Begin PBXTargetDependency section */
		C8AA8CC82C98B55500C031CB /* PBXTargetDependency */ = {
			isa = PBXTargetDependency;
			target = C8AA8CB42C98B55400C031CB /* Ox */;
			targetProxy = C8AA8CC72C98B55500C031CB /* PBXContainerItemProxy */;
		};
		C8AA8CD22C98B55500C031CB /* PBXTargetDependency */ = {
			isa = PBXTargetDependency;
			target = C8AA8CB42C98B55400C031CB /* Ox */;
			targetProxy = C8AA8CD12C98B55500C031CB /* PBXContainerItemProxy */;
		};
/* End PBXTargetDependency section */

/* Begin XCBuildConfiguration section */
		C8AA8CD82C98B55500C031CB /* Debug */ = {
			isa = XCBuildConfiguration;
			buildSettings = {
				ALWAYS_SEARCH_USER_PATHS = NO;
				ASSETCATALOG_COMPILER_GENERATE_SWIFT_ASSET_SYMBOL_EXTENSIONS = YES;
				CLANG_ANALYZER_NONNULL = YES;
				CLANG_ANALYZER_NUMBER_OBJECT_CONVERSION = YES_AGGRESSIVE;
				CLANG_CXX_LANGUAGE_STANDARD = "gnu++20";
				CLANG_ENABLE_MODULES = YES;
				CLANG_ENABLE_OBJC_ARC = YES;
				CLANG_ENABLE_OBJC_WEAK = YES;
				CLANG_WARN_BLOCK_CAPTURE_AUTORELEASING = YES;
				CLANG_WARN_BOOL_CONVERSION = YES;
				CLANG_WARN_COMMA = YES;
				CLANG_WARN_CONSTANT_CONVERSION = YES;
				CLANG_WARN_DEPRECATED_OBJC_IMPLEMENTATIONS = YES;
				CLANG_WARN_DIRECT_OBJC_ISA_USAGE = YES_ERROR;
				CLANG_WARN_DOCUMENTATION_COMMENTS = YES;
				CLANG_WARN_EMPTY_BODY = YES;
				CLANG_WARN_ENUM_CONVERSION = YES;
				CLANG_WARN_INFINITE_RECURSION = YES;
				CLANG_WARN_INT_CONVERSION = YES;
				CLANG_WARN_NON_LITERAL_NULL_CONVERSION = YES;
				CLANG_WARN_OBJC_IMPLICIT_RETAIN_SELF = YES;
				CLANG_WARN_OBJC_LITERAL_CONVERSION = YES;
				CLANG_WARN_OBJC_ROOT_CLASS = YES_ERROR;
				CLANG_WARN_QUOTED_INCLUDE_IN_FRAMEWORK_HEADER = YES;
				CLANG_WARN_RANGE_LOOP_ANALYSIS = YES;
				CLANG_WARN_STRICT_PROTOTYPES = YES;
				CLANG_WARN_SUSPICIOUS_MOVE = YES;
				CLANG_WARN_UNGUARDED_AVAILABILITY = YES_AGGRESSIVE;
				CLANG_WARN_UNREACHABLE_CODE = YES;
				CLANG_WARN__DUPLICATE_METHOD_MATCH = YES;
				COPY_PHASE_STRIP = NO;
				DEBUG_INFORMATION_FORMAT = dwarf;
				ENABLE_STRICT_OBJC_MSGSEND = YES;
				ENABLE_TESTABILITY = YES;
				ENABLE_USER_SCRIPT_SANDBOXING = YES;
				GCC_C_LANGUAGE_STANDARD = gnu17;
				GCC_DYNAMIC_NO_PIC = NO;
				GCC_NO_COMMON_BLOCKS = YES;
				GCC_OPTIMIZATION_LEVEL = 0;
				GCC_PREPROCESSOR_DEFINITIONS = (
					"DEBUG=1",
					"$(inherited)",
				);
				GCC_WARN_64_TO_32_BIT_CONVERSION = YES;
				GCC_WARN_ABOUT_RETURN_TYPE = YES_ERROR;
				GCC_WARN_UNDECLARED_SELECTOR = YES;
				GCC_WARN_UNINITIALIZED_AUTOS = YES_AGGRESSIVE;
				GCC_WARN_UNUSED_FUNCTION = YES;
				GCC_WARN_UNUSED_VARIABLE = YES;
				LOCALIZATION_PREFERS_STRING_CATALOGS = YES;
				MTL_ENABLE_DEBUG_INFO = INCLUDE_SOURCE;
				MTL_FAST_MATH = YES;
				ONLY_ACTIVE_ARCH = YES;
				SWIFT_ACTIVE_COMPILATION_CONDITIONS = "DEBUG $(inherited)";
				SWIFT_OPTIMIZATION_LEVEL = "-Onone";
			};
			name = Debug;
		};
		C8AA8CD92C98B55500C031CB /* Release */ = {
			isa = XCBuildConfiguration;
			buildSettings = {
				ALWAYS_SEARCH_USER_PATHS = NO;
				ASSETCATALOG_COMPILER_GENERATE_SWIFT_ASSET_SYMBOL_EXTENSIONS = YES;
				CLANG_ANALYZER_NONNULL = YES;
				CLANG_ANALYZER_NUMBER_OBJECT_CONVERSION = YES_AGGRESSIVE;
				CLANG_CXX_LANGUAGE_STANDARD = "gnu++20";
				CLANG_ENABLE_MODULES = YES;
				CLANG_ENABLE_OBJC_ARC = YES;
				CLANG_ENABLE_OBJC_WEAK = YES;
				CLANG_WARN_BLOCK_CAPTURE_AUTORELEASING = YES;
				CLANG_WARN_BOOL_CONVERSION = YES;
				CLANG_WARN_COMMA = YES;
				CLANG_WARN_CONSTANT_CONVERSION = YES;
				CLANG_WARN_DEPRECATED_OBJC_IMPLEMENTATIONS = YES;
				CLANG_WARN_DIRECT_OBJC_ISA_USAGE = YES_ERROR;
				CLANG_WARN_DOCUMENTATION_COMMENTS = YES;
				CLANG_WARN_EMPTY_BODY = YES;
				CLANG_WARN_ENUM_CONVERSION = YES;
				CLANG_WARN_INFINITE_RECURSION = YES;
				CLANG_WARN_INT_CONVERSION = YES;
				CLANG_WARN_NON_LITERAL_NULL_CONVERSION = YES;
				CLANG_WARN_OBJC_IMPLICIT_RETAIN_SELF = YES;
				CLANG_WARN_OBJC_LITERAL_CONVERSION = YES;
				CLANG_WARN_OBJC_ROOT_CLASS = YES_ERROR;
				CLANG_WARN_QUOTED_INCLUDE_IN_FRAMEWORK_HEADER = YES;
				CLANG_WARN_RANGE_LOOP_ANALYSIS = YES;
				CLANG_WARN_STRICT_PROTOTYPES = YES;
				CLANG_WARN_SUSPICIOUS_MOVE = YES;
				CLANG_WARN_UNGUARDED_AVAILABILITY = YES_AGGRESSIVE;
				CLANG_WARN_UNREACHABLE_CODE = YES;
				CLANG_WARN__DUPLICATE_METHOD_MATCH = YES;
				COPY_PHASE_STRIP = NO;
				DEBUG_INFORMATION_FORMAT = "dwarf-with-dsym";
				ENABLE_NS_ASSERTIONS = NO;
				ENABLE_STRICT_OBJC_MSGSEND = YES;
				ENABLE_USER_SCRIPT_SANDBOXING = YES;
				GCC_C_LANGUAGE_STANDARD = gnu17;
				GCC_NO_COMMON_BLOCKS = YES;
				GCC_WARN_64_TO_32_BIT_CONVERSION = YES;
				GCC_WARN_ABOUT_RETURN_TYPE = YES_ERROR;
				GCC_WARN_UNDECLARED_SELECTOR = YES;
				GCC_WARN_UNINITIALIZED_AUTOS = YES_AGGRESSIVE;
				GCC_WARN_UNUSED_FUNCTION = YES;
				GCC_WARN_UNUSED_VARIABLE = YES;
				LOCALIZATION_PREFERS_STRING_CATALOGS = YES;
				MTL_ENABLE_DEBUG_INFO = NO;
				MTL_FAST_MATH = YES;
				SWIFT_COMPILATION_MODE = wholemodule;
			};
			name = Release;
		};
		C8AA8CDB2C98B55500C031CB /* Debug */ = {
			isa = XCBuildConfiguration;
			buildSettings = {
				ASSETCATALOG_COMPILER_APPICON_NAME = AppIcon;
				ASSETCATALOG_COMPILER_GLOBAL_ACCENT_COLOR_NAME = AccentColor;
				CODE_SIGN_ENTITLEMENTS = Ox/Ox.entitlements;
				CODE_SIGN_STYLE = Automatic;
				CURRENT_PROJECT_VERSION = 1;
				DEVELOPMENT_ASSET_PATHS = "\"Ox/Preview Content\"";
				ENABLE_PREVIEWS = YES;
				GENERATE_INFOPLIST_FILE = YES;
				"INFOPLIST_KEY_UIApplicationSceneManifest_Generation[sdk=iphoneos*]" = YES;
				"INFOPLIST_KEY_UIApplicationSceneManifest_Generation[sdk=iphonesimulator*]" = YES;
				"INFOPLIST_KEY_UIApplicationSupportsIndirectInputEvents[sdk=iphoneos*]" = YES;
				"INFOPLIST_KEY_UIApplicationSupportsIndirectInputEvents[sdk=iphonesimulator*]" = YES;
				"INFOPLIST_KEY_UILaunchScreen_Generation[sdk=iphoneos*]" = YES;
				"INFOPLIST_KEY_UILaunchScreen_Generation[sdk=iphonesimulator*]" = YES;
				"INFOPLIST_KEY_UIStatusBarStyle[sdk=iphoneos*]" = UIStatusBarStyleDefault;
				"INFOPLIST_KEY_UIStatusBarStyle[sdk=iphonesimulator*]" = UIStatusBarStyleDefault;
				INFOPLIST_KEY_UISupportedInterfaceOrientations_iPad = "UIInterfaceOrientationPortrait UIInterfaceOrientationPortraitUpsideDown UIInterfaceOrientationLandscapeLeft UIInterfaceOrientationLandscapeRight";
				INFOPLIST_KEY_UISupportedInterfaceOrientations_iPhone = "UIInterfaceOrientationPortrait UIInterfaceOrientationLandscapeLeft UIInterfaceOrientationLandscapeRight";
				IPHONEOS_DEPLOYMENT_TARGET = 17.5;
				LD_RUNPATH_SEARCH_PATHS = "@executable_path/Frameworks";
				"LD_RUNPATH_SEARCH_PATHS[sdk=macosx*]" = "@executable_path/../Frameworks";
				MACOSX_DEPLOYMENT_TARGET = 14.5;
				MARKETING_VERSION = 1.0;
				PRODUCT_BUNDLE_IDENTIFIER = Starknet.Ox;
				PRODUCT_NAME = "$(TARGET_NAME)";
				SDKROOT = auto;
				SUPPORTED_PLATFORMS = "iphoneos iphonesimulator macosx";
				SWIFT_EMIT_LOC_STRINGS = YES;
				SWIFT_VERSION = 5.0;
				TARGETED_DEVICE_FAMILY = "1,2";
			};
			name = Debug;
		};
		C8AA8CDC2C98B55500C031CB /* Release */ = {
			isa = XCBuildConfiguration;
			buildSettings = {
				ASSETCATALOG_COMPILER_APPICON_NAME = AppIcon;
				ASSETCATALOG_COMPILER_GLOBAL_ACCENT_COLOR_NAME = AccentColor;
				CODE_SIGN_ENTITLEMENTS = Ox/Ox.entitlements;
				CODE_SIGN_STYLE = Automatic;
				CURRENT_PROJECT_VERSION = 1;
				DEVELOPMENT_ASSET_PATHS = "\"Ox/Preview Content\"";
				ENABLE_PREVIEWS = YES;
				GENERATE_INFOPLIST_FILE = YES;
				"INFOPLIST_KEY_UIApplicationSceneManifest_Generation[sdk=iphoneos*]" = YES;
				"INFOPLIST_KEY_UIApplicationSceneManifest_Generation[sdk=iphonesimulator*]" = YES;
				"INFOPLIST_KEY_UIApplicationSupportsIndirectInputEvents[sdk=iphoneos*]" = YES;
				"INFOPLIST_KEY_UIApplicationSupportsIndirectInputEvents[sdk=iphonesimulator*]" = YES;
				"INFOPLIST_KEY_UILaunchScreen_Generation[sdk=iphoneos*]" = YES;
				"INFOPLIST_KEY_UILaunchScreen_Generation[sdk=iphonesimulator*]" = YES;
				"INFOPLIST_KEY_UIStatusBarStyle[sdk=iphoneos*]" = UIStatusBarStyleDefault;
				"INFOPLIST_KEY_UIStatusBarStyle[sdk=iphonesimulator*]" = UIStatusBarStyleDefault;
				INFOPLIST_KEY_UISupportedInterfaceOrientations_iPad = "UIInterfaceOrientationPortrait UIInterfaceOrientationPortraitUpsideDown UIInterfaceOrientationLandscapeLeft UIInterfaceOrientationLandscapeRight";
				INFOPLIST_KEY_UISupportedInterfaceOrientations_iPhone = "UIInterfaceOrientationPortrait UIInterfaceOrientationLandscapeLeft UIInterfaceOrientationLandscapeRight";
				IPHONEOS_DEPLOYMENT_TARGET = 17.5;
				LD_RUNPATH_SEARCH_PATHS = "@executable_path/Frameworks";
				"LD_RUNPATH_SEARCH_PATHS[sdk=macosx*]" = "@executable_path/../Frameworks";
				MACOSX_DEPLOYMENT_TARGET = 14.5;
				MARKETING_VERSION = 1.0;
				PRODUCT_BUNDLE_IDENTIFIER = Starknet.Ox;
				PRODUCT_NAME = "$(TARGET_NAME)";
				SDKROOT = auto;
				SUPPORTED_PLATFORMS = "iphoneos iphonesimulator macosx";
				SWIFT_EMIT_LOC_STRINGS = YES;
				SWIFT_VERSION = 5.0;
				TARGETED_DEVICE_FAMILY = "1,2";
			};
			name = Release;
		};
		C8AA8CDE2C98B55500C031CB /* Debug */ = {
			isa = XCBuildConfiguration;
			buildSettings = {
				ALWAYS_EMBED_SWIFT_STANDARD_LIBRARIES = YES;
				BUNDLE_LOADER = "$(TEST_HOST)";
				CODE_SIGN_STYLE = Automatic;
				CURRENT_PROJECT_VERSION = 1;
				GENERATE_INFOPLIST_FILE = YES;
				IPHONEOS_DEPLOYMENT_TARGET = 17.5;
				MACOSX_DEPLOYMENT_TARGET = 14.5;
				MARKETING_VERSION = 1.0;
				PRODUCT_BUNDLE_IDENTIFIER = Starknet.OxTests;
				PRODUCT_NAME = "$(TARGET_NAME)";
				SDKROOT = auto;
				SUPPORTED_PLATFORMS = "iphoneos iphonesimulator macosx";
				SWIFT_EMIT_LOC_STRINGS = NO;
				SWIFT_VERSION = 5.0;
				TARGETED_DEVICE_FAMILY = "1,2";
				TEST_HOST = "$(BUILT_PRODUCTS_DIR)/Ox.app/$(BUNDLE_EXECUTABLE_FOLDER_PATH)/Ox";
			};
			name = Debug;
		};
		C8AA8CDF2C98B55500C031CB /* Release */ = {
			isa = XCBuildConfiguration;
			buildSettings = {
				ALWAYS_EMBED_SWIFT_STANDARD_LIBRARIES = YES;
				BUNDLE_LOADER = "$(TEST_HOST)";
				CODE_SIGN_STYLE = Automatic;
				CURRENT_PROJECT_VERSION = 1;
				GENERATE_INFOPLIST_FILE = YES;
				IPHONEOS_DEPLOYMENT_TARGET = 17.5;
				MACOSX_DEPLOYMENT_TARGET = 14.5;
				MARKETING_VERSION = 1.0;
				PRODUCT_BUNDLE_IDENTIFIER = Starknet.OxTests;
				PRODUCT_NAME = "$(TARGET_NAME)";
				SDKROOT = auto;
				SUPPORTED_PLATFORMS = "iphoneos iphonesimulator macosx";
				SWIFT_EMIT_LOC_STRINGS = NO;
				SWIFT_VERSION = 5.0;
				TARGETED_DEVICE_FAMILY = "1,2";
				TEST_HOST = "$(BUILT_PRODUCTS_DIR)/Ox.app/$(BUNDLE_EXECUTABLE_FOLDER_PATH)/Ox";
			};
			name = Release;
		};
		C8AA8CE12C98B55500C031CB /* Debug */ = {
			isa = XCBuildConfiguration;
			buildSettings = {
				ALWAYS_EMBED_SWIFT_STANDARD_LIBRARIES = YES;
				CODE_SIGN_STYLE = Automatic;
				CURRENT_PROJECT_VERSION = 1;
				GENERATE_INFOPLIST_FILE = YES;
				IPHONEOS_DEPLOYMENT_TARGET = 17.5;
				MACOSX_DEPLOYMENT_TARGET = 14.5;
				MARKETING_VERSION = 1.0;
				PRODUCT_BUNDLE_IDENTIFIER = Starknet.OxUITests;
				PRODUCT_NAME = "$(TARGET_NAME)";
				SDKROOT = auto;
				SUPPORTED_PLATFORMS = "iphoneos iphonesimulator macosx";
				SWIFT_EMIT_LOC_STRINGS = NO;
				SWIFT_VERSION = 5.0;
				TARGETED_DEVICE_FAMILY = "1,2";
				TEST_TARGET_NAME = Ox;
			};
			name = Debug;
		};
		C8AA8CE22C98B55500C031CB /* Release */ = {
			isa = XCBuildConfiguration;
			buildSettings = {
				ALWAYS_EMBED_SWIFT_STANDARD_LIBRARIES = YES;
				CODE_SIGN_STYLE = Automatic;
				CURRENT_PROJECT_VERSION = 1;
				GENERATE_INFOPLIST_FILE = YES;
				IPHONEOS_DEPLOYMENT_TARGET = 17.5;
				MACOSX_DEPLOYMENT_TARGET = 14.5;
				MARKETING_VERSION = 1.0;
				PRODUCT_BUNDLE_IDENTIFIER = Starknet.OxUITests;
				PRODUCT_NAME = "$(TARGET_NAME)";
				SDKROOT = auto;
				SUPPORTED_PLATFORMS = "iphoneos iphonesimulator macosx";
				SWIFT_EMIT_LOC_STRINGS = NO;
				SWIFT_VERSION = 5.0;
				TARGETED_DEVICE_FAMILY = "1,2";
				TEST_TARGET_NAME = Ox;
			};
			name = Release;
		};
/* End XCBuildConfiguration section */

/* Begin XCConfigurationList section */
		C8AA8CB02C98B55400C031CB /* Build configuration list for PBXProject "Ox" */ = {
			isa = XCConfigurationList;
			buildConfigurations = (
				C8AA8CD82C98B55500C031CB /* Debug */,
				C8AA8CD92C98B55500C031CB /* Release */,
			);
			defaultConfigurationIsVisible = 0;
			defaultConfigurationName = Release;
		};
		C8AA8CDA2C98B55500C031CB /* Build configuration list for PBXNativeTarget "Ox" */ = {
			isa = XCConfigurationList;
			buildConfigurations = (
				C8AA8CDB2C98B55500C031CB /* Debug */,
				C8AA8CDC2C98B55500C031CB /* Release */,
			);
			defaultConfigurationIsVisible = 0;
			defaultConfigurationName = Release;
		};
		C8AA8CDD2C98B55500C031CB /* Build configuration list for PBXNativeTarget "OxTests" */ = {
			isa = XCConfigurationList;
			buildConfigurations = (
				C8AA8CDE2C98B55500C031CB /* Debug */,
				C8AA8CDF2C98B55500C031CB /* Release */,
			);
			defaultConfigurationIsVisible = 0;
			defaultConfigurationName = Release;
		};
		C8AA8CE02C98B55500C031CB /* Build configuration list for PBXNativeTarget "OxUITests" */ = {
			isa = XCConfigurationList;
			buildConfigurations = (
				C8AA8CE12C98B55500C031CB /* Debug */,
				C8AA8CE22C98B55500C031CB /* Release */,
			);
			defaultConfigurationIsVisible = 0;
			defaultConfigurationName = Release;
		};
/* End XCConfigurationList section */
	};
	rootObject = C8AA8CAD2C98B55400C031CB /* Project object */;
}
